
Microsoft Visual Studio Solution File, Format Version 12.00
# Visual Studio Version 17
VisualStudioVersion = 17.6.33829.357
MinimumVisualStudioVersion = 10.0.40219.1
Project("{FAE04EC0-301F-11D3-BF4B-00C04F79EFBC}") = "AspNetCorePolygonSmartContractIntegration", "AspNetCorePolygonSmartContractIntegration\AspNetCorePolygonSmartContractIntegration.csproj", "{83CE2321-158B-4E62-AB5D-F029BE5C0077}"
EndProject
Global
	GlobalSection(SolutionConfigurationPlatforms) = preSolution
		Debug|Any CPU = Debug|Any CPU
		Release|Any CPU = Release|Any CPU
	EndGlobalSection
	GlobalSection(ProjectConfigurationPlatforms) = postSolution
		{83CE2321-158B-4E62-AB5D-F029BE5C0077}.Debug|Any CPU.ActiveCfg = Debug|Any CPU
		{83CE2321-158B-4E62-AB5D-F029BE5C0077}.Debug|Any CPU.Build.0 = Debug|Any CPU
		{83CE2321-158B-4E62-AB5D-F029BE5C0077}.Release|Any CPU.ActiveCfg = Release|Any CPU
		{83CE2321-158B-4E62-AB5D-F029BE5C0077}.Release|Any CPU.Build.0 = Release|Any CPU
	EndGlobalSection
	GlobalSection(SolutionProperties) = preSolution
		HideSolutionNode = FALSE
	EndGlobalSection
	GlobalSection(ExtensibilityGlobals) = postSolution
		SolutionGuid = {DD666FD2-AC39-46C4-997C-34B872963AE4}
	EndGlobalSection
EndGlobal
